
Microsoft Visual Studio Solution File, Format Version 12.00
# Visual Studio Version 17
VisualStudioVersion = 17.7.34009.444
MinimumVisualStudioVersion = 10.0.40219.1
Project("{FAE04EC0-301F-11D3-BF4B-00C04F79EFBC}") = "Valor_maior_com_reuso", "Valor_maior_com_reuso\Valor_maior_com_reuso.csproj", "{AD355BEA-4A23-4398-A6B5-E3FB6AC23CBC}"
EndProject
Global
	GlobalSection(SolutionConfigurationPlatforms) = preSolution
		Debug|Any CPU = Debug|Any CPU
		Release|Any CPU = Release|Any CPU
	EndGlobalSection
	GlobalSection(ProjectConfigurationPlatforms) = postSolution
		{AD355BEA-4A23-4398-A6B5-E3FB6AC23CBC}.Debug|Any CPU.ActiveCfg = Debug|Any CPU
		{AD355BEA-4A23-4398-A6B5-E3FB6AC23CBC}.Debug|Any CPU.Build.0 = Debug|Any CPU
		{AD355BEA-4A23-4398-A6B5-E3FB6AC23CBC}.Release|Any CPU.ActiveCfg = Release|Any CPU
		{AD355BEA-4A23-4398-A6B5-E3FB6AC23CBC}.Release|Any CPU.Build.0 = Release|Any CPU
	EndGlobalSection
	GlobalSection(SolutionProperties) = preSolution
		HideSolutionNode = FALSE
	EndGlobalSection
	GlobalSection(ExtensibilityGlobals) = postSolution
		SolutionGuid = {1B252429-28E4-4812-BB8C-2E4D17A2C94E}
	EndGlobalSection
EndGlobal
